// !$*UTF8*$!
{
	archiveVersion = 1;
	classes = {
	};
	objectVersion = 56;
	objects = {

/* Begin PBXBuildFile section */
		F890B1372B3C071900AD1A90 /* AppDelegate.swift in Sources */ = {isa = PBXBuildFile; fileRef = F890B1362B3C071900AD1A90 /* AppDelegate.swift */; };
		F890B1392B3C071900AD1A90 /* SceneDelegate.swift in Sources */ = {isa = PBXBuildFile; fileRef = F890B1382B3C071900AD1A90 /* SceneDelegate.swift */; };
		F890B13B2B3C071900AD1A90 /* ViewController.swift in Sources */ = {isa = PBXBuildFile; fileRef = F890B13A2B3C071900AD1A90 /* ViewController.swift */; };
		F890B13E2B3C071900AD1A90 /* Main.storyboard in Resources */ = {isa = PBXBuildFile; fileRef = F890B13C2B3C071900AD1A90 /* Main.storyboard */; };
		F890B1402B3C071B00AD1A90 /* Assets.xcassets in Resources */ = {isa = PBXBuildFile; fileRef = F890B13F2B3C071B00AD1A90 /* Assets.xcassets */; };
		F890B1432B3C071B00AD1A90 /* LaunchScreen.storyboard in Resources */ = {isa = PBXBuildFile; fileRef = F890B1412B3C071B00AD1A90 /* LaunchScreen.storyboard */; };
		F890B14D2B3C076800AD1A90 /* DzikirViewController.swift in Sources */ = {isa = PBXBuildFile; fileRef = F890B14B2B3C076800AD1A90 /* DzikirViewController.swift */; };
		F890B14E2B3C076800AD1A90 /* DzikirViewController.xib in Resources */ = {isa = PBXBuildFile; fileRef = F890B14C2B3C076800AD1A90 /* DzikirViewController.xib */; };
		F890B1522B3C07B300AD1A90 /* CollectionMainDzikir.swift in Sources */ = {isa = PBXBuildFile; fileRef = F890B1502B3C07B300AD1A90 /* CollectionMainDzikir.swift */; };
		F890B1532B3C07B300AD1A90 /* CollectionMainDzikir.xib in Resources */ = {isa = PBXBuildFile; fileRef = F890B1512B3C07B300AD1A90 /* CollectionMainDzikir.xib */; };
		F890B1572B3C209500AD1A90 /* mainMenuDzikirViewController.swift in Sources */ = {isa = PBXBuildFile; fileRef = F890B1552B3C209500AD1A90 /* mainMenuDzikirViewController.swift */; };
		F890B1582B3C209500AD1A90 /* mainMenuDzikirViewController.xib in Resources */ = {isa = PBXBuildFile; fileRef = F890B1562B3C209500AD1A90 /* mainMenuDzikirViewController.xib */; };
		F890B15C2B3C29D900AD1A90 /* mainDzikirCollectionViewCell.swift in Sources */ = {isa = PBXBuildFile; fileRef = F890B15A2B3C29D900AD1A90 /* mainDzikirCollectionViewCell.swift */; };
		F890B15D2B3C29D900AD1A90 /* mainDzikirCollectionViewCell.xib in Resources */ = {isa = PBXBuildFile; fileRef = F890B15B2B3C29D900AD1A90 /* mainDzikirCollectionViewCell.xib */; };
		F890B1612B3C784600AD1A90 /* detailDzikirPagiView.swift in Sources */ = {isa = PBXBuildFile; fileRef = F890B15F2B3C784600AD1A90 /* detailDzikirPagiView.swift */; };
		F890B1622B3C784600AD1A90 /* detailDzikirPagiView.xib in Resources */ = {isa = PBXBuildFile; fileRef = F890B1602B3C784600AD1A90 /* detailDzikirPagiView.xib */; };
		F89C22D32B3CFA7700A67F97 /* comingSoonView.swift in Sources */ = {isa = PBXBuildFile; fileRef = F89C22D12B3CFA7700A67F97 /* comingSoonView.swift */; };
		F89C22D42B3CFA7700A67F97 /* comingSoonView.xib in Resources */ = {isa = PBXBuildFile; fileRef = F89C22D22B3CFA7700A67F97 /* comingSoonView.xib */; };
		F89C22E12B459B4C00A67F97 /* detailDzikirSholatView.swift in Sources */ = {isa = PBXBuildFile; fileRef = F89C22DF2B459B4C00A67F97 /* detailDzikirSholatView.swift */; };
		F89C22E22B459B4C00A67F97 /* detailDzikirSholatView.xib in Resources */ = {isa = PBXBuildFile; fileRef = F89C22E02B459B4C00A67F97 /* detailDzikirSholatView.xib */; };
		F89C22E52B459B7C00A67F97 /* dzikirSholatCell.swift in Sources */ = {isa = PBXBuildFile; fileRef = F89C22E32B459B7C00A67F97 /* dzikirSholatCell.swift */; };
		F89C22E62B459B7C00A67F97 /* dzikirSholatCell.xib in Resources */ = {isa = PBXBuildFile; fileRef = F89C22E42B459B7C00A67F97 /* dzikirSholatCell.xib */; };
		F8B380EF2B4E2EB400536EBA /* dzikirPagiCell.swift in Sources */ = {isa = PBXBuildFile; fileRef = F8B380ED2B4E2EB400536EBA /* dzikirPagiCell.swift */; };
		F8B380F02B4E2EB400536EBA /* dzikirPagiCell.xib in Resources */ = {isa = PBXBuildFile; fileRef = F8B380EE2B4E2EB400536EBA /* dzikirPagiCell.xib */; };
		F8B636602B4FCB1700CFCCCB /* tabBarViewController.swift in Sources */ = {isa = PBXBuildFile; fileRef = F8B6365E2B4FCB1700CFCCCB /* tabBarViewController.swift */; };
		F8B636612B4FCB1700CFCCCB /* tabBarViewController.xib in Resources */ = {isa = PBXBuildFile; fileRef = F8B6365F2B4FCB1700CFCCCB /* tabBarViewController.xib */; };
		FEEBCF802B50BBB20080CBDE /* DzikirCounterView.swift in Sources */ = {isa = PBXBuildFile; fileRef = FEEBCF7E2B50BBB20080CBDE /* DzikirCounterView.swift */; };
		FEEBCF812B50BBB20080CBDE /* DzikirCounterView.xib in Resources */ = {isa = PBXBuildFile; fileRef = FEEBCF7F2B50BBB20080CBDE /* DzikirCounterView.xib */; };
/* End PBXBuildFile section */

/* Begin PBXFileReference section */
		F890B1332B3C071900AD1A90 /* DzikirSiramanMu.app */ = {isa = PBXFileReference; explicitFileType = wrapper.application; includeInIndex = 0; path = DzikirSiramanMu.app; sourceTree = BUILT_PRODUCTS_DIR; };
		F890B1362B3C071900AD1A90 /* AppDelegate.swift */ = {isa = PBXFileReference; lastKnownFileType = sourcecode.swift; path = AppDelegate.swift; sourceTree = "<group>"; };
		F890B1382B3C071900AD1A90 /* SceneDelegate.swift */ = {isa = PBXFileReference; lastKnownFileType = sourcecode.swift; path = SceneDelegate.swift; sourceTree = "<group>"; };
		F890B13A2B3C071900AD1A90 /* ViewController.swift */ = {isa = PBXFileReference; lastKnownFileType = sourcecode.swift; path = ViewController.swift; sourceTree = "<group>"; };
		F890B13D2B3C071900AD1A90 /* Base */ = {isa = PBXFileReference; lastKnownFileType = file.storyboard; name = Base; path = Base.lproj/Main.storyboard; sourceTree = "<group>"; };
		F890B13F2B3C071B00AD1A90 /* Assets.xcassets */ = {isa = PBXFileReference; lastKnownFileType = folder.assetcatalog; path = Assets.xcassets; sourceTree = "<group>"; };
		F890B1422B3C071B00AD1A90 /* Base */ = {isa = PBXFileReference; lastKnownFileType = file.storyboard; name = Base; path = Base.lproj/LaunchScreen.storyboard; sourceTree = "<group>"; };
		F890B1442B3C071B00AD1A90 /* Info.plist */ = {isa = PBXFileReference; lastKnownFileType = text.plist.xml; path = Info.plist; sourceTree = "<group>"; };
		F890B14B2B3C076800AD1A90 /* DzikirViewController.swift */ = {isa = PBXFileReference; lastKnownFileType = sourcecode.swift; path = DzikirViewController.swift; sourceTree = "<group>"; };
		F890B14C2B3C076800AD1A90 /* DzikirViewController.xib */ = {isa = PBXFileReference; lastKnownFileType = file.xib; path = DzikirViewController.xib; sourceTree = "<group>"; };
		F890B1502B3C07B300AD1A90 /* CollectionMainDzikir.swift */ = {isa = PBXFileReference; lastKnownFileType = sourcecode.swift; path = CollectionMainDzikir.swift; sourceTree = "<group>"; };
		F890B1512B3C07B300AD1A90 /* CollectionMainDzikir.xib */ = {isa = PBXFileReference; lastKnownFileType = file.xib; path = CollectionMainDzikir.xib; sourceTree = "<group>"; };
		F890B1552B3C209500AD1A90 /* mainMenuDzikirViewController.swift */ = {isa = PBXFileReference; lastKnownFileType = sourcecode.swift; path = mainMenuDzikirViewController.swift; sourceTree = "<group>"; };
		F890B1562B3C209500AD1A90 /* mainMenuDzikirViewController.xib */ = {isa = PBXFileReference; lastKnownFileType = file.xib; path = mainMenuDzikirViewController.xib; sourceTree = "<group>"; };
		F890B15A2B3C29D900AD1A90 /* mainDzikirCollectionViewCell.swift */ = {isa = PBXFileReference; lastKnownFileType = sourcecode.swift; path = mainDzikirCollectionViewCell.swift; sourceTree = "<group>"; };
		F890B15B2B3C29D900AD1A90 /* mainDzikirCollectionViewCell.xib */ = {isa = PBXFileReference; lastKnownFileType = file.xib; path = mainDzikirCollectionViewCell.xib; sourceTree = "<group>"; };
		F890B15F2B3C784600AD1A90 /* detailDzikirPagiView.swift */ = {isa = PBXFileReference; lastKnownFileType = sourcecode.swift; path = detailDzikirPagiView.swift; sourceTree = "<group>"; };
		F890B1602B3C784600AD1A90 /* detailDzikirPagiView.xib */ = {isa = PBXFileReference; lastKnownFileType = file.xib; path = detailDzikirPagiView.xib; sourceTree = "<group>"; };
		F89C22D12B3CFA7700A67F97 /* comingSoonView.swift */ = {isa = PBXFileReference; lastKnownFileType = sourcecode.swift; path = comingSoonView.swift; sourceTree = "<group>"; };
		F89C22D22B3CFA7700A67F97 /* comingSoonView.xib */ = {isa = PBXFileReference; lastKnownFileType = file.xib; path = comingSoonView.xib; sourceTree = "<group>"; };
		F89C22DF2B459B4C00A67F97 /* detailDzikirSholatView.swift */ = {isa = PBXFileReference; lastKnownFileType = sourcecode.swift; path = detailDzikirSholatView.swift; sourceTree = "<group>"; };
		F89C22E02B459B4C00A67F97 /* detailDzikirSholatView.xib */ = {isa = PBXFileReference; lastKnownFileType = file.xib; path = detailDzikirSholatView.xib; sourceTree = "<group>"; };
		F89C22E32B459B7C00A67F97 /* dzikirSholatCell.swift */ = {isa = PBXFileReference; lastKnownFileType = sourcecode.swift; path = dzikirSholatCell.swift; sourceTree = "<group>"; };
		F89C22E42B459B7C00A67F97 /* dzikirSholatCell.xib */ = {isa = PBXFileReference; lastKnownFileType = file.xib; path = dzikirSholatCell.xib; sourceTree = "<group>"; };
		F8B380ED2B4E2EB400536EBA /* dzikirPagiCell.swift */ = {isa = PBXFileReference; lastKnownFileType = sourcecode.swift; path = dzikirPagiCell.swift; sourceTree = "<group>"; };
		F8B380EE2B4E2EB400536EBA /* dzikirPagiCell.xib */ = {isa = PBXFileReference; lastKnownFileType = file.xib; path = dzikirPagiCell.xib; sourceTree = "<group>"; };
		F8B6365E2B4FCB1700CFCCCB /* tabBarViewController.swift */ = {isa = PBXFileReference; lastKnownFileType = sourcecode.swift; path = tabBarViewController.swift; sourceTree = "<group>"; };
		F8B6365F2B4FCB1700CFCCCB /* tabBarViewController.xib */ = {isa = PBXFileReference; lastKnownFileType = file.xib; path = tabBarViewController.xib; sourceTree = "<group>"; };
		FEEBCF7E2B50BBB20080CBDE /* DzikirCounterView.swift */ = {isa = PBXFileReference; lastKnownFileType = sourcecode.swift; path = DzikirCounterView.swift; sourceTree = "<group>"; };
		FEEBCF7F2B50BBB20080CBDE /* DzikirCounterView.xib */ = {isa = PBXFileReference; lastKnownFileType = file.xib; path = DzikirCounterView.xib; sourceTree = "<group>"; };
/* End PBXFileReference section */

/* Begin PBXFrameworksBuildPhase section */
		F890B1302B3C071900AD1A90 /* Frameworks */ = {
			isa = PBXFrameworksBuildPhase;
			buildActionMask = 2147483647;
			files = (
			);
			runOnlyForDeploymentPostprocessing = 0;
		};
/* End PBXFrameworksBuildPhase section */

/* Begin PBXGroup section */
		F890B12A2B3C071900AD1A90 = {
			isa = PBXGroup;
			children = (
				F890B1352B3C071900AD1A90 /* DzikirSiramanMu */,
				F890B1342B3C071900AD1A90 /* Products */,
			);
			sourceTree = "<group>";
		};
		F890B1342B3C071900AD1A90 /* Products */ = {
			isa = PBXGroup;
			children = (
				F890B1332B3C071900AD1A90 /* DzikirSiramanMu.app */,
			);
			name = Products;
			sourceTree = "<group>";
		};
		F890B1352B3C071900AD1A90 /* DzikirSiramanMu */ = {
			isa = PBXGroup;
			children = (
				FEEBCF7D2B50BB600080CBDE /* DzikirCounter */,
				F8B6365D2B4FCAF400CFCCCB /* tabBarMenu */,
				F89C22D52B450EC500A67F97 /* detailDzikirSholatView */,
				F89C22D02B3CFA5500A67F97 /* comingSoon */,
				F890B15E2B3C777000AD1A90 /* detailDzikirPagiView */,
				F890B1542B3C201100AD1A90 /* mainDzikirTableView */,
				F890B14A2B3C072900AD1A90 /* Dzikir */,
				F890B1362B3C071900AD1A90 /* AppDelegate.swift */,
				F890B1382B3C071900AD1A90 /* SceneDelegate.swift */,
				F890B13A2B3C071900AD1A90 /* ViewController.swift */,
				F890B13C2B3C071900AD1A90 /* Main.storyboard */,
				F890B13F2B3C071B00AD1A90 /* Assets.xcassets */,
				F890B1412B3C071B00AD1A90 /* LaunchScreen.storyboard */,
				F890B1442B3C071B00AD1A90 /* Info.plist */,
			);
			path = DzikirSiramanMu;
			sourceTree = "<group>";
		};
		F890B14A2B3C072900AD1A90 /* Dzikir */ = {
			isa = PBXGroup;
			children = (
				F890B14F2B3C077B00AD1A90 /* CollectionMainMenu */,
				F890B14B2B3C076800AD1A90 /* DzikirViewController.swift */,
				F890B14C2B3C076800AD1A90 /* DzikirViewController.xib */,
			);
			path = Dzikir;
			sourceTree = "<group>";
		};
		F890B14F2B3C077B00AD1A90 /* CollectionMainMenu */ = {
			isa = PBXGroup;
			children = (
				F890B1502B3C07B300AD1A90 /* CollectionMainDzikir.swift */,
				F890B1512B3C07B300AD1A90 /* CollectionMainDzikir.xib */,
			);
			path = CollectionMainMenu;
			sourceTree = "<group>";
		};
		F890B1542B3C201100AD1A90 /* mainDzikirTableView */ = {
			isa = PBXGroup;
			children = (
				F890B1592B3C294300AD1A90 /* collectionMainDzikir */,
				F890B1552B3C209500AD1A90 /* mainMenuDzikirViewController.swift */,
				F890B1562B3C209500AD1A90 /* mainMenuDzikirViewController.xib */,
			);
			path = mainDzikirTableView;
			sourceTree = "<group>";
		};
		F890B1592B3C294300AD1A90 /* collectionMainDzikir */ = {
			isa = PBXGroup;
			children = (
				F890B15A2B3C29D900AD1A90 /* mainDzikirCollectionViewCell.swift */,
				F890B15B2B3C29D900AD1A90 /* mainDzikirCollectionViewCell.xib */,
			);
			path = collectionMainDzikir;
			sourceTree = "<group>";
		};
		F890B15E2B3C777000AD1A90 /* detailDzikirPagiView */ = {
			isa = PBXGroup;
			children = (
				F8B380EC2B4E2E8E00536EBA /* cellDzikir */,
				F890B15F2B3C784600AD1A90 /* detailDzikirPagiView.swift */,
				F890B1602B3C784600AD1A90 /* detailDzikirPagiView.xib */,
			);
			path = detailDzikirPagiView;
			sourceTree = "<group>";
		};
		F89C22D02B3CFA5500A67F97 /* comingSoon */ = {
			isa = PBXGroup;
			children = (
				F89C22D12B3CFA7700A67F97 /* comingSoonView.swift */,
				F89C22D22B3CFA7700A67F97 /* comingSoonView.xib */,
			);
			path = comingSoon;
			sourceTree = "<group>";
		};
		F89C22D52B450EC500A67F97 /* detailDzikirSholatView */ = {
			isa = PBXGroup;
			children = (
				F89C22DE2B4598F800A67F97 /* cellSholat */,
				F89C22DF2B459B4C00A67F97 /* detailDzikirSholatView.swift */,
				F89C22E02B459B4C00A67F97 /* detailDzikirSholatView.xib */,
			);
			path = detailDzikirSholatView;
			sourceTree = "<group>";
		};
		F89C22DE2B4598F800A67F97 /* cellSholat */ = {
			isa = PBXGroup;
			children = (
				F89C22E32B459B7C00A67F97 /* dzikirSholatCell.swift */,
				F89C22E42B459B7C00A67F97 /* dzikirSholatCell.xib */,
			);
			path = cellSholat;
			sourceTree = "<group>";
		};
		F8B380EC2B4E2E8E00536EBA /* cellDzikir */ = {
			isa = PBXGroup;
			children = (
				F8B380ED2B4E2EB400536EBA /* dzikirPagiCell.swift */,
				F8B380EE2B4E2EB400536EBA /* dzikirPagiCell.xib */,
			);
			path = cellDzikir;
			sourceTree = "<group>";
		};
		F8B6365D2B4FCAF400CFCCCB /* tabBarMenu */ = {
			isa = PBXGroup;
			children = (
				F8B6365E2B4FCB1700CFCCCB /* tabBarViewController.swift */,
				F8B6365F2B4FCB1700CFCCCB /* tabBarViewController.xib */,
			);
			path = tabBarMenu;
			sourceTree = "<group>";
		};
		FEEBCF7D2B50BB600080CBDE /* DzikirCounter */ = {
			isa = PBXGroup;
			children = (
				FEEBCF7E2B50BBB20080CBDE /* DzikirCounterView.swift */,
				FEEBCF7F2B50BBB20080CBDE /* DzikirCounterView.xib */,
			);
			path = DzikirCounter;
			sourceTree = "<group>";
		};
/* End PBXGroup section */

/* Begin PBXNativeTarget section */
		F890B1322B3C071900AD1A90 /* DzikirSiramanMu */ = {
			isa = PBXNativeTarget;
			buildConfigurationList = F890B1472B3C071B00AD1A90 /* Build configuration list for PBXNativeTarget "DzikirSiramanMu" */;
			buildPhases = (
				F890B12F2B3C071900AD1A90 /* Sources */,
				F890B1302B3C071900AD1A90 /* Frameworks */,
				F890B1312B3C071900AD1A90 /* Resources */,
			);
			buildRules = (
			);
			dependencies = (
			);
			name = DzikirSiramanMu;
			productName = DzikirSiramanMu;
			productReference = F890B1332B3C071900AD1A90 /* DzikirSiramanMu.app */;
			productType = "com.apple.product-type.application";
		};
/* End PBXNativeTarget section */

/* Begin PBXProject section */
		F890B12B2B3C071900AD1A90 /* Project object */ = {
			isa = PBXProject;
			attributes = {
				BuildIndependentTargetsInParallel = 1;
				LastSwiftUpdateCheck = 1430;
				LastUpgradeCheck = 1430;
				TargetAttributes = {
					F890B1322B3C071900AD1A90 = {
						CreatedOnToolsVersion = 14.3.1;
					};
				};
			};
			buildConfigurationList = F890B12E2B3C071900AD1A90 /* Build configuration list for PBXProject "DzikirSiramanMu" */;
			compatibilityVersion = "Xcode 14.0";
			developmentRegion = en;
			hasScannedForEncodings = 0;
			knownRegions = (
				en,
				Base,
			);
			mainGroup = F890B12A2B3C071900AD1A90;
			productRefGroup = F890B1342B3C071900AD1A90 /* Products */;
			projectDirPath = "";
			projectRoot = "";
			targets = (
				F890B1322B3C071900AD1A90 /* DzikirSiramanMu */,
			);
		};
/* End PBXProject section */

/* Begin PBXResourcesBuildPhase section */
		F890B1312B3C071900AD1A90 /* Resources */ = {
			isa = PBXResourcesBuildPhase;
			buildActionMask = 2147483647;
			files = (
				F890B1582B3C209500AD1A90 /* mainMenuDzikirViewController.xib in Resources */,
				F8B636612B4FCB1700CFCCCB /* tabBarViewController.xib in Resources */,
				F8B380F02B4E2EB400536EBA /* dzikirPagiCell.xib in Resources */,
				F890B1432B3C071B00AD1A90 /* LaunchScreen.storyboard in Resources */,
				F890B14E2B3C076800AD1A90 /* DzikirViewController.xib in Resources */,
				F89C22E62B459B7C00A67F97 /* dzikirSholatCell.xib in Resources */,
				F890B1402B3C071B00AD1A90 /* Assets.xcassets in Resources */,
				F890B15D2B3C29D900AD1A90 /* mainDzikirCollectionViewCell.xib in Resources */,
				FEEBCF812B50BBB20080CBDE /* DzikirCounterView.xib in Resources */,
				F89C22E22B459B4C00A67F97 /* detailDzikirSholatView.xib in Resources */,
				F890B1622B3C784600AD1A90 /* detailDzikirPagiView.xib in Resources */,
				F89C22D42B3CFA7700A67F97 /* comingSoonView.xib in Resources */,
				F890B13E2B3C071900AD1A90 /* Main.storyboard in Resources */,
				F890B1532B3C07B300AD1A90 /* CollectionMainDzikir.xib in Resources */,
			);
			runOnlyForDeploymentPostprocessing = 0;
		};
/* End PBXResourcesBuildPhase section */

/* Begin PBXSourcesBuildPhase section */
		F890B12F2B3C071900AD1A90 /* Sources */ = {
			isa = PBXSourcesBuildPhase;
			buildActionMask = 2147483647;
			files = (
				FEEBCF802B50BBB20080CBDE /* DzikirCounterView.swift in Sources */,
				F890B13B2B3C071900AD1A90 /* ViewController.swift in Sources */,
				F89C22D32B3CFA7700A67F97 /* comingSoonView.swift in Sources */,
				F890B1612B3C784600AD1A90 /* detailDzikirPagiView.swift in Sources */,
				F890B15C2B3C29D900AD1A90 /* mainDzikirCollectionViewCell.swift in Sources */,
				F8B636602B4FCB1700CFCCCB /* tabBarViewController.swift in Sources */,
				F89C22E52B459B7C00A67F97 /* dzikirSholatCell.swift in Sources */,
				F8B380EF2B4E2EB400536EBA /* dzikirPagiCell.swift in Sources */,
				F890B14D2B3C076800AD1A90 /* DzikirViewController.swift in Sources */,
				F890B1372B3C071900AD1A90 /* AppDelegate.swift in Sources */,
				F890B1572B3C209500AD1A90 /* mainMenuDzikirViewController.swift in Sources */,
				F89C22E12B459B4C00A67F97 /* detailDzikirSholatView.swift in Sources */,
				F890B1392B3C071900AD1A90 /* SceneDelegate.swift in Sources */,
				F890B1522B3C07B300AD1A90 /* CollectionMainDzikir.swift in Sources */,
			);
			runOnlyForDeploymentPostprocessing = 0;
		};
/* End PBXSourcesBuildPhase section */

/* Begin PBXVariantGroup section */
		F890B13C2B3C071900AD1A90 /* Main.storyboard */ = {
			isa = PBXVariantGroup;
			children = (
				F890B13D2B3C071900AD1A90 /* Base */,
			);
			name = Main.storyboard;
			sourceTree = "<group>";
		};
		F890B1412B3C071B00AD1A90 /* LaunchScreen.storyboard */ = {
			isa = PBXVariantGroup;
			children = (
				F890B1422B3C071B00AD1A90 /* Base */,
			);
			name = LaunchScreen.storyboard;
			sourceTree = "<group>";
		};
/* End PBXVariantGroup section */

/* Begin XCBuildConfiguration section */
		F890B1452B3C071B00AD1A90 /* Debug */ = {
			isa = XCBuildConfiguration;
			buildSettings = {
				ALWAYS_SEARCH_USER_PATHS = NO;
				CLANG_ANALYZER_NONNULL = YES;
				CLANG_ANALYZER_NUMBER_OBJECT_CONVERSION = YES_AGGRESSIVE;
				CLANG_CXX_LANGUAGE_STANDARD = "gnu++20";
				CLANG_ENABLE_MODULES = YES;
				CLANG_ENABLE_OBJC_ARC = YES;
				CLANG_ENABLE_OBJC_WEAK = YES;
				CLANG_WARN_BLOCK_CAPTURE_AUTORELEASING = YES;
				CLANG_WARN_BOOL_CONVERSION = YES;
				CLANG_WARN_COMMA = YES;
				CLANG_WARN_CONSTANT_CONVERSION = YES;
				CLANG_WARN_DEPRECATED_OBJC_IMPLEMENTATIONS = YES;
				CLANG_WARN_DIRECT_OBJC_ISA_USAGE = YES_ERROR;
				CLANG_WARN_DOCUMENTATION_COMMENTS = YES;
				CLANG_WARN_EMPTY_BODY = YES;
				CLANG_WARN_ENUM_CONVERSION = YES;
				CLANG_WARN_INFINITE_RECURSION = YES;
				CLANG_WARN_INT_CONVERSION = YES;
				CLANG_WARN_NON_LITERAL_NULL_CONVERSION = YES;
				CLANG_WARN_OBJC_IMPLICIT_RETAIN_SELF = YES;
				CLANG_WARN_OBJC_LITERAL_CONVERSION = YES;
				CLANG_WARN_OBJC_ROOT_CLASS = YES_ERROR;
				CLANG_WARN_QUOTED_INCLUDE_IN_FRAMEWORK_HEADER = YES;
				CLANG_WARN_RANGE_LOOP_ANALYSIS = YES;
				CLANG_WARN_STRICT_PROTOTYPES = YES;
				CLANG_WARN_SUSPICIOUS_MOVE = YES;
				CLANG_WARN_UNGUARDED_AVAILABILITY = YES_AGGRESSIVE;
				CLANG_WARN_UNREACHABLE_CODE = YES;
				CLANG_WARN__DUPLICATE_METHOD_MATCH = YES;
				COPY_PHASE_STRIP = NO;
				DEBUG_INFORMATION_FORMAT = dwarf;
				ENABLE_STRICT_OBJC_MSGSEND = YES;
				ENABLE_TESTABILITY = YES;
				GCC_C_LANGUAGE_STANDARD = gnu11;
				GCC_DYNAMIC_NO_PIC = NO;
				GCC_NO_COMMON_BLOCKS = YES;
				GCC_OPTIMIZATION_LEVEL = 0;
				GCC_PREPROCESSOR_DEFINITIONS = (
					"DEBUG=1",
					"$(inherited)",
				);
				GCC_WARN_64_TO_32_BIT_CONVERSION = YES;
				GCC_WARN_ABOUT_RETURN_TYPE = YES_ERROR;
				GCC_WARN_UNDECLARED_SELECTOR = YES;
				GCC_WARN_UNINITIALIZED_AUTOS = YES_AGGRESSIVE;
				GCC_WARN_UNUSED_FUNCTION = YES;
				GCC_WARN_UNUSED_VARIABLE = YES;
				IPHONEOS_DEPLOYMENT_TARGET = 16.4;
				MTL_ENABLE_DEBUG_INFO = INCLUDE_SOURCE;
				MTL_FAST_MATH = YES;
				ONLY_ACTIVE_ARCH = YES;
				SDKROOT = iphoneos;
				SWIFT_ACTIVE_COMPILATION_CONDITIONS = DEBUG;
				SWIFT_OPTIMIZATION_LEVEL = "-Onone";
			};
			name = Debug;
		};
		F890B1462B3C071B00AD1A90 /* Release */ = {
			isa = XCBuildConfiguration;
			buildSettings = {
				ALWAYS_SEARCH_USER_PATHS = NO;
				CLANG_ANALYZER_NONNULL = YES;
				CLANG_ANALYZER_NUMBER_OBJECT_CONVERSION = YES_AGGRESSIVE;
				CLANG_CXX_LANGUAGE_STANDARD = "gnu++20";
				CLANG_ENABLE_MODULES = YES;
				CLANG_ENABLE_OBJC_ARC = YES;
				CLANG_ENABLE_OBJC_WEAK = YES;
				CLANG_WARN_BLOCK_CAPTURE_AUTORELEASING = YES;
				CLANG_WARN_BOOL_CONVERSION = YES;
				CLANG_WARN_COMMA = YES;
				CLANG_WARN_CONSTANT_CONVERSION = YES;
				CLANG_WARN_DEPRECATED_OBJC_IMPLEMENTATIONS = YES;
				CLANG_WARN_DIRECT_OBJC_ISA_USAGE = YES_ERROR;
				CLANG_WARN_DOCUMENTATION_COMMENTS = YES;
				CLANG_WARN_EMPTY_BODY = YES;
				CLANG_WARN_ENUM_CONVERSION = YES;
				CLANG_WARN_INFINITE_RECURSION = YES;
				CLANG_WARN_INT_CONVERSION = YES;
				CLANG_WARN_NON_LITERAL_NULL_CONVERSION = YES;
				CLANG_WARN_OBJC_IMPLICIT_RETAIN_SELF = YES;
				CLANG_WARN_OBJC_LITERAL_CONVERSION = YES;
				CLANG_WARN_OBJC_ROOT_CLASS = YES_ERROR;
				CLANG_WARN_QUOTED_INCLUDE_IN_FRAMEWORK_HEADER = YES;
				CLANG_WARN_RANGE_LOOP_ANALYSIS = YES;
				CLANG_WARN_STRICT_PROTOTYPES = YES;
				CLANG_WARN_SUSPICIOUS_MOVE = YES;
				CLANG_WARN_UNGUARDED_AVAILABILITY = YES_AGGRESSIVE;
				CLANG_WARN_UNREACHABLE_CODE = YES;
				CLANG_WARN__DUPLICATE_METHOD_MATCH = YES;
				COPY_PHASE_STRIP = NO;
				DEBUG_INFORMATION_FORMAT = "dwarf-with-dsym";
				ENABLE_NS_ASSERTIONS = NO;
				ENABLE_STRICT_OBJC_MSGSEND = YES;
				GCC_C_LANGUAGE_STANDARD = gnu11;
				GCC_NO_COMMON_BLOCKS = YES;
				GCC_WARN_64_TO_32_BIT_CONVERSION = YES;
				GCC_WARN_ABOUT_RETURN_TYPE = YES_ERROR;
				GCC_WARN_UNDECLARED_SELECTOR = YES;
				GCC_WARN_UNINITIALIZED_AUTOS = YES_AGGRESSIVE;
				GCC_WARN_UNUSED_FUNCTION = YES;
				GCC_WARN_UNUSED_VARIABLE = YES;
				IPHONEOS_DEPLOYMENT_TARGET = 16.4;
				MTL_ENABLE_DEBUG_INFO = NO;
				MTL_FAST_MATH = YES;
				SDKROOT = iphoneos;
				SWIFT_COMPILATION_MODE = wholemodule;
				SWIFT_OPTIMIZATION_LEVEL = "-O";
				VALIDATE_PRODUCT = YES;
			};
			name = Release;
		};
		F890B1482B3C071B00AD1A90 /* Debug */ = {
			isa = XCBuildConfiguration;
			buildSettings = {
				ASSETCATALOG_COMPILER_APPICON_NAME = AppIcon;
				ASSETCATALOG_COMPILER_GLOBAL_ACCENT_COLOR_NAME = AccentColor;
				CODE_SIGN_STYLE = Automatic;
				CURRENT_PROJECT_VERSION = 1;
				DEVELOPMENT_TEAM = DSPTHCYHH6;
				GENERATE_INFOPLIST_FILE = YES;
				INFOPLIST_FILE = DzikirSiramanMu/Info.plist;
				INFOPLIST_KEY_UIApplicationSupportsIndirectInputEvents = YES;
				INFOPLIST_KEY_UILaunchStoryboardName = LaunchScreen;
				INFOPLIST_KEY_UIMainStoryboardFile = Main;
				INFOPLIST_KEY_UISupportedInterfaceOrientations_iPad = "UIInterfaceOrientationPortrait UIInterfaceOrientationPortraitUpsideDown UIInterfaceOrientationLandscapeLeft UIInterfaceOrientationLandscapeRight";
				INFOPLIST_KEY_UISupportedInterfaceOrientations_iPhone = "UIInterfaceOrientationPortrait UIInterfaceOrientationLandscapeLeft UIInterfaceOrientationLandscapeRight";
				LD_RUNPATH_SEARCH_PATHS = (
					"$(inherited)",
					"@executable_path/Frameworks",
				);
				MARKETING_VERSION = 1.0;
				PRODUCT_BUNDLE_IDENTIFIER = com.DzikirSiramanMu;
				PRODUCT_NAME = "$(TARGET_NAME)";
				SWIFT_EMIT_LOC_STRINGS = YES;
				SWIFT_VERSION = 5.0;
				TARGETED_DEVICE_FAMILY = "1,2";
			};
			name = Debug;
		};
		F890B1492B3C071B00AD1A90 /* Release */ = {
			isa = XCBuildConfiguration;
			buildSettings = {
				ASSETCATALOG_COMPILER_APPICON_NAME = AppIcon;
				ASSETCATALOG_COMPILER_GLOBAL_ACCENT_COLOR_NAME = AccentColor;
				CODE_SIGN_STYLE = Automatic;
				CURRENT_PROJECT_VERSION = 1;
				DEVELOPMENT_TEAM = DSPTHCYHH6;
				GENERATE_INFOPLIST_FILE = YES;
				INFOPLIST_FILE = DzikirSiramanMu/Info.plist;
				INFOPLIST_KEY_UIApplicationSupportsIndirectInputEvents = YES;
				INFOPLIST_KEY_UILaunchStoryboardName = LaunchScreen;
				INFOPLIST_KEY_UIMainStoryboardFile = Main;
				INFOPLIST_KEY_UISupportedInterfaceOrientations_iPad = "UIInterfaceOrientationPortrait UIInterfaceOrientationPortraitUpsideDown UIInterfaceOrientationLandscapeLeft UIInterfaceOrientationLandscapeRight";
				INFOPLIST_KEY_UISupportedInterfaceOrientations_iPhone = "UIInterfaceOrientationPortrait UIInterfaceOrientationLandscapeLeft UIInterfaceOrientationLandscapeRight";
				LD_RUNPATH_SEARCH_PATHS = (
					"$(inherited)",
					"@executable_path/Frameworks",
				);
				MARKETING_VERSION = 1.0;
				PRODUCT_BUNDLE_IDENTIFIER = com.DzikirSiramanMu;
				PRODUCT_NAME = "$(TARGET_NAME)";
				SWIFT_EMIT_LOC_STRINGS = YES;
				SWIFT_VERSION = 5.0;
				TARGETED_DEVICE_FAMILY = "1,2";
			};
			name = Release;
		};
/* End XCBuildConfiguration section */

/* Begin XCConfigurationList section */
		F890B12E2B3C071900AD1A90 /* Build configuration list for PBXProject "DzikirSiramanMu" */ = {
			isa = XCConfigurationList;
			buildConfigurations = (
				F890B1452B3C071B00AD1A90 /* Debug */,
				F890B1462B3C071B00AD1A90 /* Release */,
			);
			defaultConfigurationIsVisible = 0;
			defaultConfigurationName = Release;
		};
		F890B1472B3C071B00AD1A90 /* Build configuration list for PBXNativeTarget "DzikirSiramanMu" */ = {
			isa = XCConfigurationList;
			buildConfigurations = (
				F890B1482B3C071B00AD1A90 /* Debug */,
				F890B1492B3C071B00AD1A90 /* Release */,
			);
			defaultConfigurationIsVisible = 0;
			defaultConfigurationName = Release;
		};
/* End XCConfigurationList section */
	};
	rootObject = F890B12B2B3C071900AD1A90 /* Project object */;
}
